// !$*UTF8*$!
{
	archiveVersion = 1;
	classes = {
	};
	objectVersion = 46;
	objects = {

/* Begin PBXBuildFile section */
		C18010B81F36E5C40081DAD4 /* YWExtensionOfUIView.swift in Sources */ = {isa = PBXBuildFile; fileRef = C18010B71F36E5C40081DAD4 /* YWExtensionOfUIView.swift */; };
		C18010BA1F36EF6C0081DAD4 /* YWExtensionOfUIViewController.swift in Sources */ = {isa = PBXBuildFile; fileRef = C18010B91F36EF6C0081DAD4 /* YWExtensionOfUIViewController.swift */; };
		C1E234DB1F35D8FC001901D6 /* YWColorPicker.framework in Frameworks */ = {isa = PBXBuildFile; fileRef = C1E234D11F35D8FC001901D6 /* YWColorPicker.framework */; };
		C1E234E01F35D8FC001901D6 /* YWColorPickerTests.swift in Sources */ = {isa = PBXBuildFile; fileRef = C1E234DF1F35D8FC001901D6 /* YWColorPickerTests.swift */; };
		C1E234ED1F35E059001901D6 /* YWColorPicker.swift in Sources */ = {isa = PBXBuildFile; fileRef = C1E234EB1F35E059001901D6 /* YWColorPicker.swift */; };
		C1E234EE1F35E059001901D6 /* YWColorPicker.xib in Resources */ = {isa = PBXBuildFile; fileRef = C1E234EC1F35E059001901D6 /* YWColorPicker.xib */; };
/* End PBXBuildFile section */

/* Begin PBXContainerItemProxy section */
		C1E234DC1F35D8FC001901D6 /* PBXContainerItemProxy */ = {
			isa = PBXContainerItemProxy;
			containerPortal = C1E234C81F35D8FC001901D6 /* Project object */;
			proxyType = 1;
			remoteGlobalIDString = C1E234D01F35D8FC001901D6;
			remoteInfo = YWColorPicker;
		};
/* End PBXContainerItemProxy section */

/* Begin PBXFileReference section */
		C18010B71F36E5C40081DAD4 /* YWExtensionOfUIView.swift */ = {isa = PBXFileReference; fileEncoding = 4; lastKnownFileType = sourcecode.swift; name = YWExtensionOfUIView.swift; path = Classes/YWExtensionOfUIView.swift; sourceTree = "<group>"; };
		C18010B91F36EF6C0081DAD4 /* YWExtensionOfUIViewController.swift */ = {isa = PBXFileReference; fileEncoding = 4; lastKnownFileType = sourcecode.swift; name = YWExtensionOfUIViewController.swift; path = Classes/YWExtensionOfUIViewController.swift; sourceTree = "<group>"; };
		C1E234D11F35D8FC001901D6 /* YWColorPicker.framework */ = {isa = PBXFileReference; explicitFileType = wrapper.framework; includeInIndex = 0; path = YWColorPicker.framework; sourceTree = BUILT_PRODUCTS_DIR; };
		C1E234D51F35D8FC001901D6 /* Info.plist */ = {isa = PBXFileReference; lastKnownFileType = text.plist.xml; path = Info.plist; sourceTree = "<group>"; };
		C1E234DA1F35D8FC001901D6 /* YWColorPickerTests.xctest */ = {isa = PBXFileReference; explicitFileType = wrapper.cfbundle; includeInIndex = 0; path = YWColorPickerTests.xctest; sourceTree = BUILT_PRODUCTS_DIR; };
		C1E234DF1F35D8FC001901D6 /* YWColorPickerTests.swift */ = {isa = PBXFileReference; lastKnownFileType = sourcecode.swift; path = YWColorPickerTests.swift; sourceTree = "<group>"; };
		C1E234E11F35D8FC001901D6 /* Info.plist */ = {isa = PBXFileReference; lastKnownFileType = text.plist.xml; path = Info.plist; sourceTree = "<group>"; };
		C1E234EB1F35E059001901D6 /* YWColorPicker.swift */ = {isa = PBXFileReference; fileEncoding = 4; lastKnownFileType = sourcecode.swift; name = YWColorPicker.swift; path = Classes/YWColorPicker.swift; sourceTree = "<group>"; };
		C1E234EC1F35E059001901D6 /* YWColorPicker.xib */ = {isa = PBXFileReference; fileEncoding = 4; lastKnownFileType = file.xib; name = YWColorPicker.xib; path = Resources/YWColorPicker.xib; sourceTree = "<group>"; };
		C1E234EF1F35E51B001901D6 /* YWColorPicker.podspec */ = {isa = PBXFileReference; lastKnownFileType = text; path = YWColorPicker.podspec; sourceTree = "<group>"; };
/* End PBXFileReference section */

/* Begin PBXFrameworksBuildPhase section */
		C1E234CD1F35D8FC001901D6 /* Frameworks */ = {
			isa = PBXFrameworksBuildPhase;
			buildActionMask = 2147483647;
			files = (
			);
			runOnlyForDeploymentPostprocessing = 0;
		};
		C1E234D71F35D8FC001901D6 /* Frameworks */ = {
			isa = PBXFrameworksBuildPhase;
			buildActionMask = 2147483647;
			files = (
				C1E234DB1F35D8FC001901D6 /* YWColorPicker.framework in Frameworks */,
			);
			runOnlyForDeploymentPostprocessing = 0;
		};
/* End PBXFrameworksBuildPhase section */

/* Begin PBXGroup section */
		C18010B61F36E5740081DAD4 /* Extension */ = {
			isa = PBXGroup;
			children = (
				C18010B71F36E5C40081DAD4 /* YWExtensionOfUIView.swift */,
				C18010B91F36EF6C0081DAD4 /* YWExtensionOfUIViewController.swift */,
			);
			name = Extension;
			sourceTree = "<group>";
		};
		C1E234C71F35D8FC001901D6 = {
			isa = PBXGroup;
			children = (
				C1E234EF1F35E51B001901D6 /* YWColorPicker.podspec */,
				C1E234D31F35D8FC001901D6 /* YWColorPicker */,
				C1E234DE1F35D8FC001901D6 /* YWColorPickerTests */,
				C1E234D21F35D8FC001901D6 /* Products */,
			);
			sourceTree = "<group>";
		};
		C1E234D21F35D8FC001901D6 /* Products */ = {
			isa = PBXGroup;
			children = (
				C1E234D11F35D8FC001901D6 /* YWColorPicker.framework */,
				C1E234DA1F35D8FC001901D6 /* YWColorPickerTests.xctest */,
			);
			name = Products;
			sourceTree = "<group>";
		};
		C1E234D31F35D8FC001901D6 /* YWColorPicker */ = {
			isa = PBXGroup;
			children = (
				C18010B61F36E5740081DAD4 /* Extension */,
				C1E234D51F35D8FC001901D6 /* Info.plist */,
				C1E234EB1F35E059001901D6 /* YWColorPicker.swift */,
				C1E234F01F35E5D8001901D6 /* Resources */,
			);
			path = YWColorPicker;
			sourceTree = "<group>";
		};
		C1E234DE1F35D8FC001901D6 /* YWColorPickerTests */ = {
			isa = PBXGroup;
			children = (
				C1E234DF1F35D8FC001901D6 /* YWColorPickerTests.swift */,
				C1E234E11F35D8FC001901D6 /* Info.plist */,
			);
			path = YWColorPickerTests;
			sourceTree = "<group>";
		};
		C1E234F01F35E5D8001901D6 /* Resources */ = {
			isa = PBXGroup;
			children = (
				C1E234EC1F35E059001901D6 /* YWColorPicker.xib */,
			);
			name = Resources;
			sourceTree = "<group>";
		};
/* End PBXGroup section */

/* Begin PBXHeadersBuildPhase section */
		C1E234CE1F35D8FC001901D6 /* Headers */ = {
			isa = PBXHeadersBuildPhase;
			buildActionMask = 2147483647;
			files = (
			);
			runOnlyForDeploymentPostprocessing = 0;
		};
/* End PBXHeadersBuildPhase section */

/* Begin PBXNativeTarget section */
		C1E234D01F35D8FC001901D6 /* YWColorPicker */ = {
			isa = PBXNativeTarget;
			buildConfigurationList = C1E234E51F35D8FC001901D6 /* Build configuration list for PBXNativeTarget "YWColorPicker" */;
			buildPhases = (
				C1E234CC1F35D8FC001901D6 /* Sources */,
				C1E234CD1F35D8FC001901D6 /* Frameworks */,
				C1E234CE1F35D8FC001901D6 /* Headers */,
				C1E234CF1F35D8FC001901D6 /* Resources */,
			);
			buildRules = (
			);
			dependencies = (
			);
			name = YWColorPicker;
			productName = YWColorPicker;
			productReference = C1E234D11F35D8FC001901D6 /* YWColorPicker.framework */;
			productType = "com.apple.product-type.framework";
		};
		C1E234D91F35D8FC001901D6 /* YWColorPickerTests */ = {
			isa = PBXNativeTarget;
			buildConfigurationList = C1E234E81F35D8FC001901D6 /* Build configuration list for PBXNativeTarget "YWColorPickerTests" */;
			buildPhases = (
				C1E234D61F35D8FC001901D6 /* Sources */,
				C1E234D71F35D8FC001901D6 /* Frameworks */,
				C1E234D81F35D8FC001901D6 /* Resources */,
			);
			buildRules = (
			);
			dependencies = (
				C1E234DD1F35D8FC001901D6 /* PBXTargetDependency */,
			);
			name = YWColorPickerTests;
			productName = YWColorPickerTests;
			productReference = C1E234DA1F35D8FC001901D6 /* YWColorPickerTests.xctest */;
			productType = "com.apple.product-type.bundle.unit-test";
		};
/* End PBXNativeTarget section */

/* Begin PBXProject section */
		C1E234C81F35D8FC001901D6 /* Project object */ = {
			isa = PBXProject;
			attributes = {
				LastSwiftUpdateCheck = 0830;
				LastUpgradeCheck = 0830;
				ORGANIZATIONNAME = "Yoseph Wijaya";
				TargetAttributes = {
					C1E234D01F35D8FC001901D6 = {
						CreatedOnToolsVersion = 8.3.3;
						DevelopmentTeam = C3C9T33288;
						LastSwiftMigration = 0830;
						ProvisioningStyle = Automatic;
					};
					C1E234D91F35D8FC001901D6 = {
						CreatedOnToolsVersion = 8.3.3;
						DevelopmentTeam = C3C9T33288;
						ProvisioningStyle = Automatic;
					};
				};
			};
			buildConfigurationList = C1E234CB1F35D8FC001901D6 /* Build configuration list for PBXProject "YWColorPicker" */;
			compatibilityVersion = "Xcode 3.2";
			developmentRegion = English;
			hasScannedForEncodings = 0;
			knownRegions = (
				en,
			);
			mainGroup = C1E234C71F35D8FC001901D6;
			productRefGroup = C1E234D21F35D8FC001901D6 /* Products */;
			projectDirPath = "";
			projectRoot = "";
			targets = (
				C1E234D01F35D8FC001901D6 /* YWColorPicker */,
				C1E234D91F35D8FC001901D6 /* YWColorPickerTests */,
			);
		};
/* End PBXProject section */

/* Begin PBXResourcesBuildPhase section */
		C1E234CF1F35D8FC001901D6 /* Resources */ = {
			isa = PBXResourcesBuildPhase;
			buildActionMask = 2147483647;
			files = (
				C1E234EE1F35E059001901D6 /* YWColorPicker.xib in Resources */,
			);
			runOnlyForDeploymentPostprocessing = 0;
		};
		C1E234D81F35D8FC001901D6 /* Resources */ = {
			isa = PBXResourcesBuildPhase;
			buildActionMask = 2147483647;
			files = (
			);
			runOnlyForDeploymentPostprocessing = 0;
		};
/* End PBXResourcesBuildPhase section */

/* Begin PBXSourcesBuildPhase section */
		C1E234CC1F35D8FC001901D6 /* Sources */ = {
			isa = PBXSourcesBuildPhase;
			buildActionMask = 2147483647;
			files = (
				C18010BA1F36EF6C0081DAD4 /* YWExtensionOfUIViewController.swift in Sources */,
				C1E234ED1F35E059001901D6 /* YWColorPicker.swift in Sources */,
				C18010B81F36E5C40081DAD4 /* YWExtensionOfUIView.swift in Sources */,
			);
			runOnlyForDeploymentPostprocessing = 0;
		};
		C1E234D61F35D8FC001901D6 /* Sources */ = {
			isa = PBXSourcesBuildPhase;
			buildActionMask = 2147483647;
			files = (
				C1E234E01F35D8FC001901D6 /* YWColorPickerTests.swift in Sources */,
			);
			runOnlyForDeploymentPostprocessing = 0;
		};
/* End PBXSourcesBuildPhase section */

/* Begin PBXTargetDependency section */
		C1E234DD1F35D8FC001901D6 /* PBXTargetDependency */ = {
			isa = PBXTargetDependency;
			target = C1E234D01F35D8FC001901D6 /* YWColorPicker */;
			targetProxy = C1E234DC1F35D8FC001901D6 /* PBXContainerItemProxy */;
		};
/* End PBXTargetDependency section */

/* Begin XCBuildConfiguration section */
		C1E234E31F35D8FC001901D6 /* Debug */ = {
			isa = XCBuildConfiguration;
			buildSettings = {
				ALWAYS_SEARCH_USER_PATHS = NO;
				CLANG_ANALYZER_NONNULL = YES;
				CLANG_ANALYZER_NUMBER_OBJECT_CONVERSION = YES_AGGRESSIVE;
				CLANG_CXX_LANGUAGE_STANDARD = "gnu++0x";
				CLANG_CXX_LIBRARY = "libc++";
				CLANG_ENABLE_MODULES = YES;
				CLANG_ENABLE_OBJC_ARC = YES;
				CLANG_WARN_BOOL_CONVERSION = YES;
				CLANG_WARN_CONSTANT_CONVERSION = YES;
				CLANG_WARN_DIRECT_OBJC_ISA_USAGE = YES_ERROR;
				CLANG_WARN_DOCUMENTATION_COMMENTS = YES;
				CLANG_WARN_EMPTY_BODY = YES;
				CLANG_WARN_ENUM_CONVERSION = YES;
				CLANG_WARN_INFINITE_RECURSION = YES;
				CLANG_WARN_INT_CONVERSION = YES;
				CLANG_WARN_OBJC_ROOT_CLASS = YES_ERROR;
				CLANG_WARN_SUSPICIOUS_MOVE = YES;
				CLANG_WARN_UNREACHABLE_CODE = YES;
				CLANG_WARN__DUPLICATE_METHOD_MATCH = YES;
				"CODE_SIGN_IDENTITY[sdk=iphoneos*]" = "iPhone Developer";
				COPY_PHASE_STRIP = NO;
				CURRENT_PROJECT_VERSION = 1;
				DEBUG_INFORMATION_FORMAT = dwarf;
				ENABLE_STRICT_OBJC_MSGSEND = YES;
				ENABLE_TESTABILITY = YES;
				GCC_C_LANGUAGE_STANDARD = gnu99;
				GCC_DYNAMIC_NO_PIC = NO;
				GCC_NO_COMMON_BLOCKS = YES;
				GCC_OPTIMIZATION_LEVEL = 0;
				GCC_PREPROCESSOR_DEFINITIONS = (
					"DEBUG=1",
					"$(inherited)",
				);
				GCC_WARN_64_TO_32_BIT_CONVERSION = YES;
				GCC_WARN_ABOUT_RETURN_TYPE = YES_ERROR;
				GCC_WARN_UNDECLARED_SELECTOR = YES;
				GCC_WARN_UNINITIALIZED_AUTOS = YES_AGGRESSIVE;
				GCC_WARN_UNUSED_FUNCTION = YES;
				GCC_WARN_UNUSED_VARIABLE = YES;
				IPHONEOS_DEPLOYMENT_TARGET = 9.0;
				MTL_ENABLE_DEBUG_INFO = YES;
				ONLY_ACTIVE_ARCH = YES;
				SDKROOT = iphoneos;
				SWIFT_ACTIVE_COMPILATION_CONDITIONS = DEBUG;
				SWIFT_OPTIMIZATION_LEVEL = "-Onone";
				TARGETED_DEVICE_FAMILY = "1,2";
				VERSIONING_SYSTEM = "apple-generic";
				VERSION_INFO_PREFIX = "";
			};
			name = Debug;
		};
		C1E234E41F35D8FC001901D6 /* Release */ = {
			isa = XCBuildConfiguration;
			buildSettings = {
				ALWAYS_SEARCH_USER_PATHS = NO;
				CLANG_ANALYZER_NONNULL = YES;
				CLANG_ANALYZER_NUMBER_OBJECT_CONVERSION = YES_AGGRESSIVE;
				CLANG_CXX_LANGUAGE_STANDARD = "gnu++0x";
				CLANG_CXX_LIBRARY = "libc++";
				CLANG_ENABLE_MODULES = YES;
				CLANG_ENABLE_OBJC_ARC = YES;
				CLANG_WARN_BOOL_CONVERSION = YES;
				CLANG_WARN_CONSTANT_CONVERSION = YES;
				CLANG_WARN_DIRECT_OBJC_ISA_USAGE = YES_ERROR;
				CLANG_WARN_DOCUMENTATION_COMMENTS = YES;
				CLANG_WARN_EMPTY_BODY = YES;
				CLANG_WARN_ENUM_CONVERSION = YES;
				CLANG_WARN_INFINITE_RECURSION = YES;
				CLANG_WARN_INT_CONVERSION = YES;
				CLANG_WARN_OBJC_ROOT_CLASS = YES_ERROR;
				CLANG_WARN_SUSPICIOUS_MOVE = YES;
				CLANG_WARN_UNREACHABLE_CODE = YES;
				CLANG_WARN__DUPLICATE_METHOD_MATCH = YES;
				"CODE_SIGN_IDENTITY[sdk=iphoneos*]" = "iPhone Developer";
				COPY_PHASE_STRIP = NO;
				CURRENT_PROJECT_VERSION = 1;
				DEBUG_INFORMATION_FORMAT = "dwarf-with-dsym";
				ENABLE_NS_ASSERTIONS = NO;
				ENABLE_STRICT_OBJC_MSGSEND = YES;
				GCC_C_LANGUAGE_STANDARD = gnu99;
				GCC_NO_COMMON_BLOCKS = YES;
				GCC_WARN_64_TO_32_BIT_CONVERSION = YES;
				GCC_WARN_ABOUT_RETURN_TYPE = YES_ERROR;
				GCC_WARN_UNDECLARED_SELECTOR = YES;
				GCC_WARN_UNINITIALIZED_AUTOS = YES_AGGRESSIVE;
				GCC_WARN_UNUSED_FUNCTION = YES;
				GCC_WARN_UNUSED_VARIABLE = YES;
				IPHONEOS_DEPLOYMENT_TARGET = 9.0;
				MTL_ENABLE_DEBUG_INFO = NO;
				SDKROOT = iphoneos;
				SWIFT_OPTIMIZATION_LEVEL = "-Owholemodule";
				TARGETED_DEVICE_FAMILY = "1,2";
				VALIDATE_PRODUCT = YES;
				VERSIONING_SYSTEM = "apple-generic";
				VERSION_INFO_PREFIX = "";
			};
			name = Release;
		};
		C1E234E61F35D8FC001901D6 /* Debug */ = {
			isa = XCBuildConfiguration;
			buildSettings = {
				CLANG_ENABLE_MODULES = YES;
				CODE_SIGN_IDENTITY = "";
				DEFINES_MODULE = YES;
				DEVELOPMENT_TEAM = C3C9T33288;
				DYLIB_COMPATIBILITY_VERSION = 1;
				DYLIB_CURRENT_VERSION = 1;
				DYLIB_INSTALL_NAME_BASE = "@rpath";
				INFOPLIST_FILE = YWColorPicker/Info.plist;
				INSTALL_PATH = "$(LOCAL_LIBRARY_DIR)/Frameworks";
				IPHONEOS_DEPLOYMENT_TARGET = 9.0;
				LD_RUNPATH_SEARCH_PATHS = "$(inherited) @executable_path/Frameworks @loader_path/Frameworks";
				PRODUCT_BUNDLE_IDENTIFIER = Me.Self.YWColorPicker;
				PRODUCT_NAME = "$(TARGET_NAME)";
				SKIP_INSTALL = YES;
				SWIFT_OPTIMIZATION_LEVEL = "-Onone";
				SWIFT_VERSION = 3.0;
			};
			name = Debug;
		};
		C1E234E71F35D8FC001901D6 /* Release */ = {
			isa = XCBuildConfiguration;
			buildSettings = {
				CLANG_ENABLE_MODULES = YES;
				CODE_SIGN_IDENTITY = "";
				DEFINES_MODULE = YES;
				DEVELOPMENT_TEAM = C3C9T33288;
				DYLIB_COMPATIBILITY_VERSION = 1;
				DYLIB_CURRENT_VERSION = 1;
				DYLIB_INSTALL_NAME_BASE = "@rpath";
				INFOPLIST_FILE = YWColorPicker/Info.plist;
				INSTALL_PATH = "$(LOCAL_LIBRARY_DIR)/Frameworks";
				IPHONEOS_DEPLOYMENT_TARGET = 9.0;
				LD_RUNPATH_SEARCH_PATHS = "$(inherited) @executable_path/Frameworks @loader_path/Frameworks";
				PRODUCT_BUNDLE_IDENTIFIER = Me.Self.YWColorPicker;
				PRODUCT_NAME = "$(TARGET_NAME)";
				SKIP_INSTALL = YES;
				SWIFT_VERSION = 3.0;
			};
			name = Release;
		};
		C1E234E91F35D8FC001901D6 /* Debug */ = {
			isa = XCBuildConfiguration;
			buildSettings = {
				ALWAYS_EMBED_SWIFT_STANDARD_LIBRARIES = YES;
				DEVELOPMENT_TEAM = C3C9T33288;
				INFOPLIST_FILE = YWColorPickerTests/Info.plist;
				LD_RUNPATH_SEARCH_PATHS = "$(inherited) @executable_path/Frameworks @loader_path/Frameworks";
				PRODUCT_BUNDLE_IDENTIFIER = Me.Self.YWColorPickerTests;
				PRODUCT_NAME = "$(TARGET_NAME)";
				SWIFT_VERSION = 3.0;
			};
			name = Debug;
		};
		C1E234EA1F35D8FC001901D6 /* Release */ = {
			isa = XCBuildConfiguration;
			buildSettings = {
				ALWAYS_EMBED_SWIFT_STANDARD_LIBRARIES = YES;
				DEVELOPMENT_TEAM = C3C9T33288;
				INFOPLIST_FILE = YWColorPickerTests/Info.plist;
				LD_RUNPATH_SEARCH_PATHS = "$(inherited) @executable_path/Frameworks @loader_path/Frameworks";
				PRODUCT_BUNDLE_IDENTIFIER = Me.Self.YWColorPickerTests;
				PRODUCT_NAME = "$(TARGET_NAME)";
				SWIFT_VERSION = 3.0;
			};
			name = Release;
		};
/* End XCBuildConfiguration section */

/* Begin XCConfigurationList section */
		C1E234CB1F35D8FC001901D6 /* Build configuration list for PBXProject "YWColorPicker" */ = {
			isa = XCConfigurationList;
			buildConfigurations = (
				C1E234E31F35D8FC001901D6 /* Debug */,
				C1E234E41F35D8FC001901D6 /* Release */,
			);
			defaultConfigurationIsVisible = 0;
			defaultConfigurationName = Release;
		};
		C1E234E51F35D8FC001901D6 /* Build configuration list for PBXNativeTarget "YWColorPicker" */ = {
			isa = XCConfigurationList;
			buildConfigurations = (
				C1E234E61F35D8FC001901D6 /* Debug */,
				C1E234E71F35D8FC001901D6 /* Release */,
			);
			defaultConfigurationIsVisible = 0;
			defaultConfigurationName = Release;
		};
		C1E234E81F35D8FC001901D6 /* Build configuration list for PBXNativeTarget "YWColorPickerTests" */ = {
			isa = XCConfigurationList;
			buildConfigurations = (
				C1E234E91F35D8FC001901D6 /* Debug */,
				C1E234EA1F35D8FC001901D6 /* Release */,
			);
			defaultConfigurationIsVisible = 0;
			defaultConfigurationName = Release;
		};
/* End XCConfigurationList section */
	};
	rootObject = C1E234C81F35D8FC001901D6 /* Project object */;
}
